// !$*UTF8*$!
{
	archiveVersion = 1;
	classes = {
	};
	objectVersion = 46;
	objects = {

/* Begin PBXBuildFile section */
		9D0B59361ECAA5B700EB95CB /* BackButtonDelegate.swift in Sources */ = {isa = PBXBuildFile; fileRef = 9D0B59351ECAA5B700EB95CB /* BackButtonDelegate.swift */; };
		9D9C947D1EC56372004AA8ED /* Plant2.swift in Sources */ = {isa = PBXBuildFile; fileRef = 9D9C947C1EC56372004AA8ED /* Plant2.swift */; };
		9D9C947F1EC563D5004AA8ED /* PublicFunctions.swift in Sources */ = {isa = PBXBuildFile; fileRef = 9D9C947E1EC563D5004AA8ED /* PublicFunctions.swift */; };
		AA8A24DDDAA2005F137600CA /* Pods_TTFFCamp.framework in Frameworks */ = {isa = PBXBuildFile; fileRef = C9626B18E7273A054E9BBC38 /* Pods_TTFFCamp.framework */; };
		E01A31C91CA1B181001EB74A /* PlantListTableViewController.swift in Sources */ = {isa = PBXBuildFile; fileRef = E01A31C81CA1B181001EB74A /* PlantListTableViewController.swift */; };
		E01E57F01C90EDA9008267EC /* AppDelegate.swift in Sources */ = {isa = PBXBuildFile; fileRef = E01E57EF1C90EDA9008267EC /* AppDelegate.swift */; };
		E01E57F21C90EDA9008267EC /* QRReaderViewController.swift in Sources */ = {isa = PBXBuildFile; fileRef = E01E57F11C90EDA9008267EC /* QRReaderViewController.swift */; };
		E01E57F51C90EDA9008267EC /* Main.storyboard in Resources */ = {isa = PBXBuildFile; fileRef = E01E57F31C90EDA9008267EC /* Main.storyboard */; };
		E01E57F71C90EDA9008267EC /* Assets.xcassets in Resources */ = {isa = PBXBuildFile; fileRef = E01E57F61C90EDA9008267EC /* Assets.xcassets */; };
		E01E57FA1C90EDA9008267EC /* LaunchScreen.storyboard in Resources */ = {isa = PBXBuildFile; fileRef = E01E57F81C90EDA9008267EC /* LaunchScreen.storyboard */; };
		E01E58021C90F80F008267EC /* PlantInfoViewController.swift in Sources */ = {isa = PBXBuildFile; fileRef = E01E58011C90F80F008267EC /* PlantInfoViewController.swift */; };
		E038D7541C9A651700906CA9 /* Alamofire.framework in Frameworks */ = {isa = PBXBuildFile; fileRef = E038D7531C9A651700906CA9 /* Alamofire.framework */; };
		E0D571801C962033005A7856 /* HiddenMenuViewController.swift in Sources */ = {isa = PBXBuildFile; fileRef = E0D5717F1C962033005A7856 /* HiddenMenuViewController.swift */; };
		E0D571871C96365E005A7856 /* SWRevealViewController.m in Sources */ = {isa = PBXBuildFile; fileRef = E0D571851C96365E005A7856 /* SWRevealViewController.m */; };
		E0D5718C1C963785005A7856 /* Database.swift in Sources */ = {isa = PBXBuildFile; fileRef = E0D571891C963785005A7856 /* Database.swift */; };
		E0D5718E1C963785005A7856 /* Plant.swift in Sources */ = {isa = PBXBuildFile; fileRef = E0D5718B1C963785005A7856 /* Plant.swift */; };
/* End PBXBuildFile section */

/* Begin PBXFileReference section */
		4A6EC689F3C0F53F9389C862 /* Pods-TTFFCamp.release.xcconfig */ = {isa = PBXFileReference; includeInIndex = 1; lastKnownFileType = text.xcconfig; name = "Pods-TTFFCamp.release.xcconfig"; path = "Pods/Target Support Files/Pods-TTFFCamp/Pods-TTFFCamp.release.xcconfig"; sourceTree = "<group>"; };
		51C93434E05113EBB271C567 /* Pods-TTFFCamp.debug.xcconfig */ = {isa = PBXFileReference; includeInIndex = 1; lastKnownFileType = text.xcconfig; name = "Pods-TTFFCamp.debug.xcconfig"; path = "Pods/Target Support Files/Pods-TTFFCamp/Pods-TTFFCamp.debug.xcconfig"; sourceTree = "<group>"; };
		9D0B59351ECAA5B700EB95CB /* BackButtonDelegate.swift */ = {isa = PBXFileReference; fileEncoding = 4; lastKnownFileType = sourcecode.swift; path = BackButtonDelegate.swift; sourceTree = "<group>"; };
		9D9C947C1EC56372004AA8ED /* Plant2.swift */ = {isa = PBXFileReference; fileEncoding = 4; lastKnownFileType = sourcecode.swift; path = Plant2.swift; sourceTree = "<group>"; };
		9D9C947E1EC563D5004AA8ED /* PublicFunctions.swift */ = {isa = PBXFileReference; fileEncoding = 4; lastKnownFileType = sourcecode.swift; path = PublicFunctions.swift; sourceTree = "<group>"; };
		C9626B18E7273A054E9BBC38 /* Pods_TTFFCamp.framework */ = {isa = PBXFileReference; explicitFileType = wrapper.framework; includeInIndex = 0; path = Pods_TTFFCamp.framework; sourceTree = BUILT_PRODUCTS_DIR; };
		E01A31C81CA1B181001EB74A /* PlantListTableViewController.swift */ = {isa = PBXFileReference; fileEncoding = 4; lastKnownFileType = sourcecode.swift; path = PlantListTableViewController.swift; sourceTree = "<group>"; };
		E01E57EC1C90EDA9008267EC /* TTFFCamp.app */ = {isa = PBXFileReference; explicitFileType = wrapper.application; includeInIndex = 0; path = TTFFCamp.app; sourceTree = BUILT_PRODUCTS_DIR; };
		E01E57EF1C90EDA9008267EC /* AppDelegate.swift */ = {isa = PBXFileReference; lastKnownFileType = sourcecode.swift; path = AppDelegate.swift; sourceTree = "<group>"; };
		E01E57F11C90EDA9008267EC /* QRReaderViewController.swift */ = {isa = PBXFileReference; lastKnownFileType = sourcecode.swift; path = QRReaderViewController.swift; sourceTree = "<group>"; };
		E01E57F41C90EDA9008267EC /* Base */ = {isa = PBXFileReference; lastKnownFileType = file.storyboard; name = Base; path = Base.lproj/Main.storyboard; sourceTree = "<group>"; };
		E01E57F61C90EDA9008267EC /* Assets.xcassets */ = {isa = PBXFileReference; lastKnownFileType = folder.assetcatalog; path = Assets.xcassets; sourceTree = "<group>"; };
		E01E57F91C90EDA9008267EC /* Base */ = {isa = PBXFileReference; lastKnownFileType = file.storyboard; name = Base; path = Base.lproj/LaunchScreen.storyboard; sourceTree = "<group>"; };
		E01E57FB1C90EDA9008267EC /* Info.plist */ = {isa = PBXFileReference; lastKnownFileType = text.plist.xml; path = Info.plist; sourceTree = "<group>"; };
		E01E58011C90F80F008267EC /* PlantInfoViewController.swift */ = {isa = PBXFileReference; fileEncoding = 4; lastKnownFileType = sourcecode.swift; path = PlantInfoViewController.swift; sourceTree = "<group>"; };
		E038D7511C9A643F00906CA9 /* Alamofire.framework */ = {isa = PBXFileReference; lastKnownFileType = wrapper.framework; name = Alamofire.framework; path = "Pods/../build/Debug-iphoneos/Alamofire.framework"; sourceTree = "<group>"; };
		E038D7531C9A651700906CA9 /* Alamofire.framework */ = {isa = PBXFileReference; lastKnownFileType = wrapper.framework; name = Alamofire.framework; path = "Pods/../build/Debug-iphoneos/Alamofire.framework"; sourceTree = "<group>"; };
		E03A1B451C923569009DF6B3 /* Alamofire.framework */ = {isa = PBXFileReference; lastKnownFileType = wrapper.framework; name = Alamofire.framework; path = "Pods/../build/Debug-iphoneos/Alamofire.framework"; sourceTree = "<group>"; };
		E0D5717F1C962033005A7856 /* HiddenMenuViewController.swift */ = {isa = PBXFileReference; fileEncoding = 4; lastKnownFileType = sourcecode.swift; path = HiddenMenuViewController.swift; sourceTree = "<group>"; };
		E0D571841C96365E005A7856 /* SWRevealViewController.h */ = {isa = PBXFileReference; fileEncoding = 4; lastKnownFileType = sourcecode.c.h; path = SWRevealViewController.h; sourceTree = "<group>"; };
		E0D571851C96365E005A7856 /* SWRevealViewController.m */ = {isa = PBXFileReference; fileEncoding = 4; lastKnownFileType = sourcecode.c.objc; path = SWRevealViewController.m; sourceTree = "<group>"; };
		E0D571861C96365E005A7856 /* TTFFCamp-Bridging-Header.h */ = {isa = PBXFileReference; fileEncoding = 4; lastKnownFileType = sourcecode.c.h; path = "TTFFCamp-Bridging-Header.h"; sourceTree = "<group>"; };
		E0D571891C963785005A7856 /* Database.swift */ = {isa = PBXFileReference; fileEncoding = 4; lastKnownFileType = sourcecode.swift; path = Database.swift; sourceTree = "<group>"; };
		E0D5718B1C963785005A7856 /* Plant.swift */ = {isa = PBXFileReference; fileEncoding = 4; lastKnownFileType = sourcecode.swift; path = Plant.swift; sourceTree = "<group>"; };
/* End PBXFileReference section */

/* Begin PBXFrameworksBuildPhase section */
		E01E57E91C90EDA9008267EC /* Frameworks */ = {
			isa = PBXFrameworksBuildPhase;
			buildActionMask = 2147483647;
			files = (
				E038D7541C9A651700906CA9 /* Alamofire.framework in Frameworks */,
				AA8A24DDDAA2005F137600CA /* Pods_TTFFCamp.framework in Frameworks */,
			);
			runOnlyForDeploymentPostprocessing = 0;
		};
/* End PBXFrameworksBuildPhase section */

/* Begin PBXGroup section */
		B50A75765E25F1E1FC6FF4C2 /* Pods */ = {
			isa = PBXGroup;
			children = (
				51C93434E05113EBB271C567 /* Pods-TTFFCamp.debug.xcconfig */,
				4A6EC689F3C0F53F9389C862 /* Pods-TTFFCamp.release.xcconfig */,
			);
			name = Pods;
			sourceTree = "<group>";
		};
		E01E57E31C90EDA9008267EC = {
			isa = PBXGroup;
			children = (
				E01E57EE1C90EDA9008267EC /* TTFFCamp */,
				E01E57ED1C90EDA9008267EC /* Products */,
				B50A75765E25F1E1FC6FF4C2 /* Pods */,
				FB6D80EE8EA74A24EA2C224E /* Frameworks */,
			);
			sourceTree = "<group>";
		};
		E01E57ED1C90EDA9008267EC /* Products */ = {
			isa = PBXGroup;
			children = (
				E01E57EC1C90EDA9008267EC /* TTFFCamp.app */,
			);
			name = Products;
			sourceTree = "<group>";
		};
		E01E57EE1C90EDA9008267EC /* TTFFCamp */ = {
			isa = PBXGroup;
			children = (
				E0D571881C963785005A7856 /* Models */,
				E01E57F11C90EDA9008267EC /* QRReaderViewController.swift */,
				E01E58011C90F80F008267EC /* PlantInfoViewController.swift */,
				E0D5717F1C962033005A7856 /* HiddenMenuViewController.swift */,
				E01A31C81CA1B181001EB74A /* PlantListTableViewController.swift */,
				E01E57EF1C90EDA9008267EC /* AppDelegate.swift */,
				E01E57FB1C90EDA9008267EC /* Info.plist */,
				E01E57F31C90EDA9008267EC /* Main.storyboard */,
				9D0B59351ECAA5B700EB95CB /* BackButtonDelegate.swift */,
				E01E57F81C90EDA9008267EC /* LaunchScreen.storyboard */,
				E01E57F61C90EDA9008267EC /* Assets.xcassets */,
				E0D571831C96365E005A7856 /* SupportingFiles */,
			);
			path = TTFFCamp;
			sourceTree = "<group>";
		};
		E0D571831C96365E005A7856 /* SupportingFiles */ = {
			isa = PBXGroup;
			children = (
				E0D571841C96365E005A7856 /* SWRevealViewController.h */,
				E0D571851C96365E005A7856 /* SWRevealViewController.m */,
				E0D571861C96365E005A7856 /* TTFFCamp-Bridging-Header.h */,
			);
			path = SupportingFiles;
			sourceTree = "<group>";
		};
		E0D571881C963785005A7856 /* Models */ = {
			isa = PBXGroup;
			children = (
				E0D571891C963785005A7856 /* Database.swift */,
				E0D5718B1C963785005A7856 /* Plant.swift */,
				9D9C947C1EC56372004AA8ED /* Plant2.swift */,
				9D9C947E1EC563D5004AA8ED /* PublicFunctions.swift */,
			);
			path = Models;
			sourceTree = "<group>";
		};
		FB6D80EE8EA74A24EA2C224E /* Frameworks */ = {
			isa = PBXGroup;
			children = (
				E038D7531C9A651700906CA9 /* Alamofire.framework */,
				E038D7511C9A643F00906CA9 /* Alamofire.framework */,
				E03A1B451C923569009DF6B3 /* Alamofire.framework */,
				C9626B18E7273A054E9BBC38 /* Pods_TTFFCamp.framework */,
			);
			name = Frameworks;
			sourceTree = "<group>";
		};
/* End PBXGroup section */

/* Begin PBXNativeTarget section */
		E01E57EB1C90EDA9008267EC /* TTFFCamp */ = {
			isa = PBXNativeTarget;
			buildConfigurationList = E01E57FE1C90EDA9008267EC /* Build configuration list for PBXNativeTarget "TTFFCamp" */;
			buildPhases = (
				0571F74A6FB21A02E8FF91DD /* [CP] Check Pods Manifest.lock */,
				E01E57E81C90EDA9008267EC /* Sources */,
				E01E57E91C90EDA9008267EC /* Frameworks */,
				E01E57EA1C90EDA9008267EC /* Resources */,
				3DFCF2ABA9652CC6BD8B19FF /* [CP] Embed Pods Frameworks */,
				1B52305A202DDE06F2BA1018 /* [CP] Copy Pods Resources */,
			);
			buildRules = (
			);
			dependencies = (
			);
			name = TTFFCamp;
			productName = TTFFCamp;
			productReference = E01E57EC1C90EDA9008267EC /* TTFFCamp.app */;
			productType = "com.apple.product-type.application";
		};
/* End PBXNativeTarget section */

/* Begin PBXProject section */
		E01E57E41C90EDA9008267EC /* Project object */ = {
			isa = PBXProject;
			attributes = {
				LastSwiftUpdateCheck = 0720;
				LastUpgradeCheck = 0830;
				ORGANIZATIONNAME = "The Taylor Family Foundation";
				TargetAttributes = {
					E01E57EB1C90EDA9008267EC = {
						CreatedOnToolsVersion = 7.2.1;
						DevelopmentTeam = 7ZCT66FZW7;
						LastSwiftMigration = 0830;
					};
				};
			};
			buildConfigurationList = E01E57E71C90EDA9008267EC /* Build configuration list for PBXProject "TTFFCamp" */;
			compatibilityVersion = "Xcode 3.2";
			developmentRegion = English;
			hasScannedForEncodings = 0;
			knownRegions = (
				en,
				Base,
			);
			mainGroup = E01E57E31C90EDA9008267EC;
			productRefGroup = E01E57ED1C90EDA9008267EC /* Products */;
			projectDirPath = "";
			projectRoot = "";
			targets = (
				E01E57EB1C90EDA9008267EC /* TTFFCamp */,
			);
		};
/* End PBXProject section */

/* Begin PBXResourcesBuildPhase section */
		E01E57EA1C90EDA9008267EC /* Resources */ = {
			isa = PBXResourcesBuildPhase;
			buildActionMask = 2147483647;
			files = (
				E01E57FA1C90EDA9008267EC /* LaunchScreen.storyboard in Resources */,
				E01E57F71C90EDA9008267EC /* Assets.xcassets in Resources */,
				E01E57F51C90EDA9008267EC /* Main.storyboard in Resources */,
			);
			runOnlyForDeploymentPostprocessing = 0;
		};
/* End PBXResourcesBuildPhase section */

/* Begin PBXShellScriptBuildPhase section */
		0571F74A6FB21A02E8FF91DD /* [CP] Check Pods Manifest.lock */ = {
			isa = PBXShellScriptBuildPhase;
			buildActionMask = 2147483647;
			files = (
			);
			inputPaths = (
			);
			name = "[CP] Check Pods Manifest.lock";
			outputPaths = (
			);
			runOnlyForDeploymentPostprocessing = 0;
			shellPath = /bin/sh;
			shellScript = "diff \"${PODS_PODFILE_DIR_PATH}/Podfile.lock\" \"${PODS_ROOT}/Manifest.lock\" > /dev/null\nif [ $? != 0 ] ; then\n    # print error to STDERR\n    echo \"error: The sandbox is not in sync with the Podfile.lock. Run 'pod install' or update your CocoaPods installation.\" >&2\n    exit 1\nfi\n";
			showEnvVarsInLog = 0;
		};
		1B52305A202DDE06F2BA1018 /* [CP] Copy Pods Resources */ = {
			isa = PBXShellScriptBuildPhase;
			buildActionMask = 2147483647;
			files = (
			);
			inputPaths = (
			);
			name = "[CP] Copy Pods Resources";
			outputPaths = (
			);
			runOnlyForDeploymentPostprocessing = 0;
			shellPath = /bin/sh;
			shellScript = "\"${SRCROOT}/Pods/Target Support Files/Pods-TTFFCamp/Pods-TTFFCamp-resources.sh\"\n";
			showEnvVarsInLog = 0;
		};
		3DFCF2ABA9652CC6BD8B19FF /* [CP] Embed Pods Frameworks */ = {
			isa = PBXShellScriptBuildPhase;
			buildActionMask = 2147483647;
			files = (
			);
			inputPaths = (
			);
			name = "[CP] Embed Pods Frameworks";
			outputPaths = (
			);
			runOnlyForDeploymentPostprocessing = 0;
			shellPath = /bin/sh;
			shellScript = "\"${SRCROOT}/Pods/Target Support Files/Pods-TTFFCamp/Pods-TTFFCamp-frameworks.sh\"\n";
			showEnvVarsInLog = 0;
		};
/* End PBXShellScriptBuildPhase section */

/* Begin PBXSourcesBuildPhase section */
		E01E57E81C90EDA9008267EC /* Sources */ = {
			isa = PBXSourcesBuildPhase;
			buildActionMask = 2147483647;
			files = (
				E0D5718C1C963785005A7856 /* Database.swift in Sources */,
				E01E58021C90F80F008267EC /* PlantInfoViewController.swift in Sources */,
				9D9C947D1EC56372004AA8ED /* Plant2.swift in Sources */,
				E0D571871C96365E005A7856 /* SWRevealViewController.m in Sources */,
				9D0B59361ECAA5B700EB95CB /* BackButtonDelegate.swift in Sources */,
				9D9C947F1EC563D5004AA8ED /* PublicFunctions.swift in Sources */,
				E0D571801C962033005A7856 /* HiddenMenuViewController.swift in Sources */,
				E01A31C91CA1B181001EB74A /* PlantListTableViewController.swift in Sources */,
				E0D5718E1C963785005A7856 /* Plant.swift in Sources */,
				E01E57F21C90EDA9008267EC /* QRReaderViewController.swift in Sources */,
				E01E57F01C90EDA9008267EC /* AppDelegate.swift in Sources */,
			);
			runOnlyForDeploymentPostprocessing = 0;
		};
/* End PBXSourcesBuildPhase section */

/* Begin PBXVariantGroup section */
		E01E57F31C90EDA9008267EC /* Main.storyboard */ = {
			isa = PBXVariantGroup;
			children = (
				E01E57F41C90EDA9008267EC /* Base */,
			);
			name = Main.storyboard;
			sourceTree = "<group>";
		};
		E01E57F81C90EDA9008267EC /* LaunchScreen.storyboard */ = {
			isa = PBXVariantGroup;
			children = (
				E01E57F91C90EDA9008267EC /* Base */,
			);
			name = LaunchScreen.storyboard;
			sourceTree = "<group>";
		};
/* End PBXVariantGroup section */

/* Begin XCBuildConfiguration section */
		E01E57FC1C90EDA9008267EC /* Debug */ = {
			isa = XCBuildConfiguration;
			buildSettings = {
				ALWAYS_SEARCH_USER_PATHS = NO;
				CLANG_CXX_LANGUAGE_STANDARD = "gnu++0x";
				CLANG_CXX_LIBRARY = "libc++";
				CLANG_ENABLE_MODULES = YES;
				CLANG_ENABLE_OBJC_ARC = YES;
				CLANG_WARN_BOOL_CONVERSION = YES;
				CLANG_WARN_CONSTANT_CONVERSION = YES;
				CLANG_WARN_DIRECT_OBJC_ISA_USAGE = YES_ERROR;
				CLANG_WARN_EMPTY_BODY = YES;
				CLANG_WARN_ENUM_CONVERSION = YES;
				CLANG_WARN_INFINITE_RECURSION = YES;
				CLANG_WARN_INT_CONVERSION = YES;
				CLANG_WARN_OBJC_ROOT_CLASS = YES_ERROR;
				CLANG_WARN_SUSPICIOUS_MOVE = YES;
				CLANG_WARN_UNREACHABLE_CODE = YES;
				CLANG_WARN__DUPLICATE_METHOD_MATCH = YES;
				"CODE_SIGN_IDENTITY[sdk=iphoneos*]" = "iPhone Developer";
				COPY_PHASE_STRIP = NO;
				DEBUG_INFORMATION_FORMAT = dwarf;
				ENABLE_STRICT_OBJC_MSGSEND = YES;
				ENABLE_TESTABILITY = YES;
				GCC_C_LANGUAGE_STANDARD = gnu99;
				GCC_DYNAMIC_NO_PIC = NO;
				GCC_NO_COMMON_BLOCKS = YES;
				GCC_OPTIMIZATION_LEVEL = 0;
				GCC_PREPROCESSOR_DEFINITIONS = (
					"DEBUG=1",
					"$(inherited)",
				);
				GCC_WARN_64_TO_32_BIT_CONVERSION = YES;
				GCC_WARN_ABOUT_RETURN_TYPE = YES_ERROR;
				GCC_WARN_UNDECLARED_SELECTOR = YES;
				GCC_WARN_UNINITIALIZED_AUTOS = YES_AGGRESSIVE;
				GCC_WARN_UNUSED_FUNCTION = YES;
				GCC_WARN_UNUSED_VARIABLE = YES;
				IPHONEOS_DEPLOYMENT_TARGET = 9.2;
				MTL_ENABLE_DEBUG_INFO = YES;
				ONLY_ACTIVE_ARCH = YES;
				SDKROOT = iphoneos;
				SWIFT_OPTIMIZATION_LEVEL = "-Onone";
				TARGETED_DEVICE_FAMILY = 2;
			};
			name = Debug;
		};
		E01E57FD1C90EDA9008267EC /* Release */ = {
			isa = XCBuildConfiguration;
			buildSettings = {
				ALWAYS_SEARCH_USER_PATHS = NO;
				CLANG_CXX_LANGUAGE_STANDARD = "gnu++0x";
				CLANG_CXX_LIBRARY = "libc++";
				CLANG_ENABLE_MODULES = YES;
				CLANG_ENABLE_OBJC_ARC = YES;
				CLANG_WARN_BOOL_CONVERSION = YES;
				CLANG_WARN_CONSTANT_CONVERSION = YES;
				CLANG_WARN_DIRECT_OBJC_ISA_USAGE = YES_ERROR;
				CLANG_WARN_EMPTY_BODY = YES;
				CLANG_WARN_ENUM_CONVERSION = YES;
				CLANG_WARN_INFINITE_RECURSION = YES;
				CLANG_WARN_INT_CONVERSION = YES;
				CLANG_WARN_OBJC_ROOT_CLASS = YES_ERROR;
				CLANG_WARN_SUSPICIOUS_MOVE = YES;
				CLANG_WARN_UNREACHABLE_CODE = YES;
				CLANG_WARN__DUPLICATE_METHOD_MATCH = YES;
				"CODE_SIGN_IDENTITY[sdk=iphoneos*]" = "iPhone Developer";
				COPY_PHASE_STRIP = NO;
				DEBUG_INFORMATION_FORMAT = "dwarf-with-dsym";
				ENABLE_NS_ASSERTIONS = NO;
				ENABLE_STRICT_OBJC_MSGSEND = YES;
				GCC_C_LANGUAGE_STANDARD = gnu99;
				GCC_NO_COMMON_BLOCKS = YES;
				GCC_WARN_64_TO_32_BIT_CONVERSION = YES;
				GCC_WARN_ABOUT_RETURN_TYPE = YES_ERROR;
				GCC_WARN_UNDECLARED_SELECTOR = YES;
				GCC_WARN_UNINITIALIZED_AUTOS = YES_AGGRESSIVE;
				GCC_WARN_UNUSED_FUNCTION = YES;
				GCC_WARN_UNUSED_VARIABLE = YES;
				IPHONEOS_DEPLOYMENT_TARGET = 9.2;
				MTL_ENABLE_DEBUG_INFO = NO;
				SDKROOT = iphoneos;
				SWIFT_OPTIMIZATION_LEVEL = "-Owholemodule";
				TARGETED_DEVICE_FAMILY = 2;
				VALIDATE_PRODUCT = YES;
			};
			name = Release;
		};
		E01E57FF1C90EDA9008267EC /* Debug */ = {
			isa = XCBuildConfiguration;
			baseConfigurationReference = 51C93434E05113EBB271C567 /* Pods-TTFFCamp.debug.xcconfig */;
			buildSettings = {
				ASSETCATALOG_COMPILER_APPICON_NAME = AppIcon;
				CLANG_ENABLE_MODULES = YES;
				CODE_SIGN_IDENTITY = "iPhone Developer";
				"CODE_SIGN_IDENTITY[sdk=iphoneos*]" = "iPhone Developer";
				DEVELOPMENT_TEAM = 7ZCT66FZW7;
				FRAMEWORK_SEARCH_PATHS = (
					"$(inherited)",
					"$(PROJECT_DIR)/build/Debug-iphoneos",
				);
				INFOPLIST_FILE = TTFFCamp/Info.plist;
				LD_RUNPATH_SEARCH_PATHS = "$(inherited) @executable_path/Frameworks";
				PRODUCT_BUNDLE_IDENTIFIER = org.ttff.TTFFCamp;
				PRODUCT_NAME = "$(TARGET_NAME)";
				PROVISIONING_PROFILE = "";
				SWIFT_OBJC_BRIDGING_HEADER = "TTFFCamp/SupportingFiles/TTFFCamp-Bridging-Header.h";
				SWIFT_OPTIMIZATION_LEVEL = "-Onone";
				SWIFT_VERSION = 3.0;
			};
			name = Debug;
		};
		E01E58001C90EDA9008267EC /* Release */ = {
			isa = XCBuildConfiguration;
			baseConfigurationReference = 4A6EC689F3C0F53F9389C862 /* Pods-TTFFCamp.release.xcconfig */;
			buildSettings = {
				ASSETCATALOG_COMPILER_APPICON_NAME = AppIcon;
				CLANG_ENABLE_MODULES = YES;
				CODE_SIGN_IDENTITY = "iPhone Developer";
				"CODE_SIGN_IDENTITY[sdk=iphoneos*]" = "iPhone Developer";
				DEVELOPMENT_TEAM = 7ZCT66FZW7;
				FRAMEWORK_SEARCH_PATHS = (
					"$(inherited)",
					"$(PROJECT_DIR)/build/Debug-iphoneos",
				);
				INFOPLIST_FILE = TTFFCamp/Info.plist;
				LD_RUNPATH_SEARCH_PATHS = "$(inherited) @executable_path/Frameworks";
				PRODUCT_BUNDLE_IDENTIFIER = org.ttff.TTFFCamp;
				PRODUCT_NAME = "$(TARGET_NAME)";
				PROVISIONING_PROFILE = "";
				SWIFT_OBJC_BRIDGING_HEADER = "TTFFCamp/SupportingFiles/TTFFCamp-Bridging-Header.h";
				SWIFT_VERSION = 3.0;
			};
			name = Release;
		};
/* End XCBuildConfiguration section */

/* Begin XCConfigurationList section */
		E01E57E71C90EDA9008267EC /* Build configuration list for PBXProject "TTFFCamp" */ = {
			isa = XCConfigurationList;
			buildConfigurations = (
				E01E57FC1C90EDA9008267EC /* Debug */,
				E01E57FD1C90EDA9008267EC /* Release */,
			);
			defaultConfigurationIsVisible = 0;
			defaultConfigurationName = Release;
		};
		E01E57FE1C90EDA9008267EC /* Build configuration list for PBXNativeTarget "TTFFCamp" */ = {
			isa = XCConfigurationList;
			buildConfigurations = (
				E01E57FF1C90EDA9008267EC /* Debug */,
				E01E58001C90EDA9008267EC /* Release */,
			);
			defaultConfigurationIsVisible = 0;
			defaultConfigurationName = Release;
		};
/* End XCConfigurationList section */
	};
	rootObject = E01E57E41C90EDA9008267EC /* Project object */;
}
